// !$*UTF8*$!
{
	archiveVersion = 1;
	classes = {
	};
	objectVersion = 55;
	objects = {

/* Begin PBXBuildFile section */
		E917EF9E29B7BD1C002506F5 /* Kingfisher in Frameworks */ = {isa = PBXBuildFile; productRef = E917EF9D29B7BD1C002506F5 /* Kingfisher */; };
		E917EFA129B7BD31002506F5 /* SwiftKeychainWrapper in Frameworks */ = {isa = PBXBuildFile; productRef = E917EFA029B7BD31002506F5 /* SwiftKeychainWrapper */; };
		E917EFA429B7BD46002506F5 /* ProgressHUD in Frameworks */ = {isa = PBXBuildFile; productRef = E917EFA329B7BD46002506F5 /* ProgressHUD */; };
		E921255D29858DA800CF4A4E /* AuthConfiguration.swift in Sources */ = {isa = PBXBuildFile; fileRef = E921255C29858DA800CF4A4E /* AuthConfiguration.swift */; };
		E921255F2989C80F00CF4A4E /* AuthViewController.swift in Sources */ = {isa = PBXBuildFile; fileRef = E921255E2989C80F00CF4A4E /* AuthViewController.swift */; };
		E92125622989CB1F00CF4A4E /* WebViewViewController.swift in Sources */ = {isa = PBXBuildFile; fileRef = E92125612989CB1F00CF4A4E /* WebViewViewController.swift */; };
		E92681C1299D116100EC103E /* ProfileService.swift in Sources */ = {isa = PBXBuildFile; fileRef = E92681C0299D116100EC103E /* ProfileService.swift */; };
		E92681C3299D11A200EC103E /* ProfileResult.swift in Sources */ = {isa = PBXBuildFile; fileRef = E92681C2299D11A200EC103E /* ProfileResult.swift */; };
		E9350FCB295F566F009E26FC /* SingleImageViewController.swift in Sources */ = {isa = PBXBuildFile; fileRef = E9350FCA295F566F009E26FC /* SingleImageViewController.swift */; };
		E94206D7295F44BD0081674F /* SFProDisplay-Bold.ttf in Resources */ = {isa = PBXBuildFile; fileRef = E94206D6295F44BD0081674F /* SFProDisplay-Bold.ttf */; };
		E946DDF929CF6493008DEAA1 /* ImageFeedError.swift in Sources */ = {isa = PBXBuildFile; fileRef = E946DDF829CF6493008DEAA1 /* ImageFeedError.swift */; };
		E951106A29AA102E008F3B5A /* ProfileImageService.swift in Sources */ = {isa = PBXBuildFile; fileRef = E951106929AA102E008F3B5A /* ProfileImageService.swift */; };
		E951106C29AA10AD008F3B5A /* UserResult.swift in Sources */ = {isa = PBXBuildFile; fileRef = E951106B29AA10AD008F3B5A /* UserResult.swift */; };
		E951106E29AE6C72008F3B5A /* URLSessionExtension.swift in Sources */ = {isa = PBXBuildFile; fileRef = E951106D29AE6C72008F3B5A /* URLSessionExtension.swift */; };
		E98C4C57298E016200671FF6 /* OAuthTokenResponseBody.swift in Sources */ = {isa = PBXBuildFile; fileRef = E98C4C56298E016200671FF6 /* OAuthTokenResponseBody.swift */; };
		E98C4C59298E030800671FF6 /* OAuth2Service.swift in Sources */ = {isa = PBXBuildFile; fileRef = E98C4C58298E030800671FF6 /* OAuth2Service.swift */; };
		E98C4C5C298EB95900671FF6 /* OAuthRequestBody.swift in Sources */ = {isa = PBXBuildFile; fileRef = E98C4C5B298EB95900671FF6 /* OAuthRequestBody.swift */; };
		E98C4C5E298F38B800671FF6 /* OAuth2TokenStorage.swift in Sources */ = {isa = PBXBuildFile; fileRef = E98C4C5D298F38B800671FF6 /* OAuth2TokenStorage.swift */; };
		E98E7F102991D79200107D3F /* SplashViewController.swift in Sources */ = {isa = PBXBuildFile; fileRef = E98E7F0F2991D79200107D3F /* SplashViewController.swift */; };
		E9954548294F4E9A00072B64 /* AppDelegate.swift in Sources */ = {isa = PBXBuildFile; fileRef = E9954547294F4E9A00072B64 /* AppDelegate.swift */; };
		E995454A294F4E9A00072B64 /* SceneDelegate.swift in Sources */ = {isa = PBXBuildFile; fileRef = E9954549294F4E9A00072B64 /* SceneDelegate.swift */; };
		E995454C294F4E9A00072B64 /* ImagesListViewController.swift in Sources */ = {isa = PBXBuildFile; fileRef = E995454B294F4E9A00072B64 /* ImagesListViewController.swift */; };
		E995454F294F4E9A00072B64 /* Main.storyboard in Resources */ = {isa = PBXBuildFile; fileRef = E995454D294F4E9A00072B64 /* Main.storyboard */; };
		E9954551294F4E9C00072B64 /* Assets.xcassets in Resources */ = {isa = PBXBuildFile; fileRef = E9954550294F4E9C00072B64 /* Assets.xcassets */; };
		E9954554294F4E9C00072B64 /* LaunchScreen.storyboard in Resources */ = {isa = PBXBuildFile; fileRef = E9954552294F4E9C00072B64 /* LaunchScreen.storyboard */; };
		E996FCC6295E2EC500CA54F9 /* ProfileViewController.swift in Sources */ = {isa = PBXBuildFile; fileRef = E996FCC5295E2EC500CA54F9 /* ProfileViewController.swift */; };
		E9A340E429B88A7A0084167E /* ImagesListService.swift in Sources */ = {isa = PBXBuildFile; fileRef = E9A340E329B88A7A0084167E /* ImagesListService.swift */; };
		E9A340E629B89F4C0084167E /* Photo.swift in Sources */ = {isa = PBXBuildFile; fileRef = E9A340E529B89F4C0084167E /* Photo.swift */; };
		E9A340E829B8A7320084167E /* PhotoResult.swift in Sources */ = {isa = PBXBuildFile; fileRef = E9A340E729B8A7320084167E /* PhotoResult.swift */; };
		E9A9714129B121EE00DFE9BF /* TabBarViewController.swift in Sources */ = {isa = PBXBuildFile; fileRef = E9A9714029B121EE00DFE9BF /* TabBarViewController.swift */; };
		E9B01203299CE7AB006354C1 /* UIBlockingProgressHUD.swift in Sources */ = {isa = PBXBuildFile; fileRef = E9B01202299CE7AB006354C1 /* UIBlockingProgressHUD.swift */; };
		E9CC246429D578DA00732F9C /* WebViewPresenter.swift in Sources */ = {isa = PBXBuildFile; fileRef = E9CC246329D578DA00732F9C /* WebViewPresenter.swift */; };
		E9CC246629D5F8BC00732F9C /* AuthHelper.swift in Sources */ = {isa = PBXBuildFile; fileRef = E9CC246529D5F8BC00732F9C /* AuthHelper.swift */; };
		E9CC246E29D6025A00732F9C /* ImageFeedTests.swift in Sources */ = {isa = PBXBuildFile; fileRef = E9CC246D29D6025A00732F9C /* ImageFeedTests.swift */; };
		E9CC247529D603AA00732F9C /* WebViewPresenterSpy.swift in Sources */ = {isa = PBXBuildFile; fileRef = E9CC247429D603AA00732F9C /* WebViewPresenterSpy.swift */; };
		E9CC247729D6047500732F9C /* WebViewViewControllerSpy.swift in Sources */ = {isa = PBXBuildFile; fileRef = E9CC247629D6047500732F9C /* WebViewViewControllerSpy.swift */; };
		E9CC247F29D606D700732F9C /* ImageFeedUITests.swift in Sources */ = {isa = PBXBuildFile; fileRef = E9CC247E29D606D700732F9C /* ImageFeedUITests.swift */; };
		E9CC248129D606D700732F9C /* ImageFeedUITestsLaunchTests.swift in Sources */ = {isa = PBXBuildFile; fileRef = E9CC248029D606D700732F9C /* ImageFeedUITestsLaunchTests.swift */; };
		E9CF3411295CCBEE00AB8F20 /* YandexSansDisplay-Regular.ttf in Resources */ = {isa = PBXBuildFile; fileRef = E9CF3410295CCBED00AB8F20 /* YandexSansDisplay-Regular.ttf */; };
		E9DDB7F829CE1F43006D4AE4 /* DateFormatterService.swift in Sources */ = {isa = PBXBuildFile; fileRef = E9DDB7F729CE1F43006D4AE4 /* DateFormatterService.swift */; };
		E9EBFE5D299E211D0061A781 /* Profile.swift in Sources */ = {isa = PBXBuildFile; fileRef = E9EBFE5C299E211D0061A781 /* Profile.swift */; };
		E9F7DB1029D861F60034AB83 /* ProfilePresenter.swift in Sources */ = {isa = PBXBuildFile; fileRef = E9F7DB0F29D861F50034AB83 /* ProfilePresenter.swift */; };
		E9F7DB1229D86C2E0034AB83 /* ImagesListPresenter.swift in Sources */ = {isa = PBXBuildFile; fileRef = E9F7DB1129D86C2E0034AB83 /* ImagesListPresenter.swift */; };
		E9FDF2D42955267C00BEFDAE /* ImagesListCell.swift in Sources */ = {isa = PBXBuildFile; fileRef = E9FDF2D32955267C00BEFDAE /* ImagesListCell.swift */; };
/* End PBXBuildFile section */

/* Begin PBXContainerItemProxy section */
		E9C6795229BA256500ED3296 /* PBXContainerItemProxy */ = {
			isa = PBXContainerItemProxy;
			containerPortal = E995453C294F4E9A00072B64 /* Project object */;
			proxyType = 1;
			remoteGlobalIDString = E9954543294F4E9A00072B64;
			remoteInfo = ImageFeed;
		};
		E9CC246F29D6025A00732F9C /* PBXContainerItemProxy */ = {
			isa = PBXContainerItemProxy;
			containerPortal = E995453C294F4E9A00072B64 /* Project object */;
			proxyType = 1;
			remoteGlobalIDString = E9954543294F4E9A00072B64;
			remoteInfo = ImageFeed;
		};
		E9CC248229D606D700732F9C /* PBXContainerItemProxy */ = {
			isa = PBXContainerItemProxy;
			containerPortal = E995453C294F4E9A00072B64 /* Project object */;
			proxyType = 1;
			remoteGlobalIDString = E9954543294F4E9A00072B64;
			remoteInfo = ImageFeed;
		};
/* End PBXContainerItemProxy section */

/* Begin PBXFileReference section */
		E921255C29858DA800CF4A4E /* AuthConfiguration.swift */ = {isa = PBXFileReference; lastKnownFileType = sourcecode.swift; path = AuthConfiguration.swift; sourceTree = "<group>"; };
		E921255E2989C80F00CF4A4E /* AuthViewController.swift */ = {isa = PBXFileReference; lastKnownFileType = sourcecode.swift; path = AuthViewController.swift; sourceTree = "<group>"; };
		E92125612989CB1F00CF4A4E /* WebViewViewController.swift */ = {isa = PBXFileReference; lastKnownFileType = sourcecode.swift; path = WebViewViewController.swift; sourceTree = "<group>"; };
		E92681C0299D116100EC103E /* ProfileService.swift */ = {isa = PBXFileReference; lastKnownFileType = sourcecode.swift; path = ProfileService.swift; sourceTree = "<group>"; };
		E92681C2299D11A200EC103E /* ProfileResult.swift */ = {isa = PBXFileReference; lastKnownFileType = sourcecode.swift; path = ProfileResult.swift; sourceTree = "<group>"; };
		E92D7BF029B7B8F40048183F /* Info.plist */ = {isa = PBXFileReference; fileEncoding = 4; lastKnownFileType = text.plist.xml; path = Info.plist; sourceTree = SOURCE_ROOT; };
		E9350FCA295F566F009E26FC /* SingleImageViewController.swift */ = {isa = PBXFileReference; lastKnownFileType = sourcecode.swift; path = SingleImageViewController.swift; sourceTree = "<group>"; };
		E94206D6295F44BD0081674F /* SFProDisplay-Bold.ttf */ = {isa = PBXFileReference; lastKnownFileType = file; path = "SFProDisplay-Bold.ttf"; sourceTree = "<group>"; };
		E946DDF829CF6493008DEAA1 /* ImageFeedError.swift */ = {isa = PBXFileReference; lastKnownFileType = sourcecode.swift; path = ImageFeedError.swift; sourceTree = "<group>"; };
		E951106929AA102E008F3B5A /* ProfileImageService.swift */ = {isa = PBXFileReference; lastKnownFileType = sourcecode.swift; path = ProfileImageService.swift; sourceTree = "<group>"; };
		E951106B29AA10AD008F3B5A /* UserResult.swift */ = {isa = PBXFileReference; lastKnownFileType = sourcecode.swift; path = UserResult.swift; sourceTree = "<group>"; };
		E951106D29AE6C72008F3B5A /* URLSessionExtension.swift */ = {isa = PBXFileReference; lastKnownFileType = sourcecode.swift; path = URLSessionExtension.swift; sourceTree = "<group>"; };
		E98C4C56298E016200671FF6 /* OAuthTokenResponseBody.swift */ = {isa = PBXFileReference; lastKnownFileType = sourcecode.swift; path = OAuthTokenResponseBody.swift; sourceTree = "<group>"; };
		E98C4C58298E030800671FF6 /* OAuth2Service.swift */ = {isa = PBXFileReference; lastKnownFileType = sourcecode.swift; path = OAuth2Service.swift; sourceTree = "<group>"; };
		E98C4C5B298EB95900671FF6 /* OAuthRequestBody.swift */ = {isa = PBXFileReference; lastKnownFileType = sourcecode.swift; path = OAuthRequestBody.swift; sourceTree = "<group>"; };
		E98C4C5D298F38B800671FF6 /* OAuth2TokenStorage.swift */ = {isa = PBXFileReference; lastKnownFileType = sourcecode.swift; path = OAuth2TokenStorage.swift; sourceTree = "<group>"; };
		E98E7F0F2991D79200107D3F /* SplashViewController.swift */ = {isa = PBXFileReference; lastKnownFileType = sourcecode.swift; path = SplashViewController.swift; sourceTree = "<group>"; };
		E9954544294F4E9A00072B64 /* ImageFeed.app */ = {isa = PBXFileReference; explicitFileType = wrapper.application; includeInIndex = 0; path = ImageFeed.app; sourceTree = BUILT_PRODUCTS_DIR; };
		E9954547294F4E9A00072B64 /* AppDelegate.swift */ = {isa = PBXFileReference; lastKnownFileType = sourcecode.swift; path = AppDelegate.swift; sourceTree = "<group>"; };
		E9954549294F4E9A00072B64 /* SceneDelegate.swift */ = {isa = PBXFileReference; lastKnownFileType = sourcecode.swift; path = SceneDelegate.swift; sourceTree = "<group>"; };
		E995454B294F4E9A00072B64 /* ImagesListViewController.swift */ = {isa = PBXFileReference; lastKnownFileType = sourcecode.swift; path = ImagesListViewController.swift; sourceTree = "<group>"; };
		E995454E294F4E9A00072B64 /* Base */ = {isa = PBXFileReference; lastKnownFileType = file.storyboard; name = Base; path = Base.lproj/Main.storyboard; sourceTree = "<group>"; };
		E9954550294F4E9C00072B64 /* Assets.xcassets */ = {isa = PBXFileReference; lastKnownFileType = folder.assetcatalog; path = Assets.xcassets; sourceTree = "<group>"; };
		E9954553294F4E9C00072B64 /* Base */ = {isa = PBXFileReference; lastKnownFileType = file.storyboard; name = Base; path = Base.lproj/LaunchScreen.storyboard; sourceTree = "<group>"; };
		E996FCC5295E2EC500CA54F9 /* ProfileViewController.swift */ = {isa = PBXFileReference; lastKnownFileType = sourcecode.swift; path = ProfileViewController.swift; sourceTree = "<group>"; };
		E9A340E329B88A7A0084167E /* ImagesListService.swift */ = {isa = PBXFileReference; lastKnownFileType = sourcecode.swift; path = ImagesListService.swift; sourceTree = "<group>"; };
		E9A340E529B89F4C0084167E /* Photo.swift */ = {isa = PBXFileReference; lastKnownFileType = sourcecode.swift; path = Photo.swift; sourceTree = "<group>"; };
		E9A340E729B8A7320084167E /* PhotoResult.swift */ = {isa = PBXFileReference; lastKnownFileType = sourcecode.swift; path = PhotoResult.swift; sourceTree = "<group>"; };
		E9A9714029B121EE00DFE9BF /* TabBarViewController.swift */ = {isa = PBXFileReference; lastKnownFileType = sourcecode.swift; path = TabBarViewController.swift; sourceTree = "<group>"; };
		E9B01202299CE7AB006354C1 /* UIBlockingProgressHUD.swift */ = {isa = PBXFileReference; lastKnownFileType = sourcecode.swift; path = UIBlockingProgressHUD.swift; sourceTree = "<group>"; };
		E9C6794E29BA256500ED3296 /* Image FeedTests.xctest */ = {isa = PBXFileReference; explicitFileType = wrapper.cfbundle; includeInIndex = 0; path = "Image FeedTests.xctest"; sourceTree = BUILT_PRODUCTS_DIR; };
		E9CC246329D578DA00732F9C /* WebViewPresenter.swift */ = {isa = PBXFileReference; lastKnownFileType = sourcecode.swift; path = WebViewPresenter.swift; sourceTree = "<group>"; };
		E9CC246529D5F8BC00732F9C /* AuthHelper.swift */ = {isa = PBXFileReference; lastKnownFileType = sourcecode.swift; path = AuthHelper.swift; sourceTree = "<group>"; };
		E9CC246B29D6025A00732F9C /* ImageFeedTests.xctest */ = {isa = PBXFileReference; explicitFileType = wrapper.cfbundle; includeInIndex = 0; path = ImageFeedTests.xctest; sourceTree = BUILT_PRODUCTS_DIR; };
		E9CC246D29D6025A00732F9C /* ImageFeedTests.swift */ = {isa = PBXFileReference; lastKnownFileType = sourcecode.swift; path = ImageFeedTests.swift; sourceTree = "<group>"; };
		E9CC247429D603AA00732F9C /* WebViewPresenterSpy.swift */ = {isa = PBXFileReference; lastKnownFileType = sourcecode.swift; path = WebViewPresenterSpy.swift; sourceTree = "<group>"; };
		E9CC247629D6047500732F9C /* WebViewViewControllerSpy.swift */ = {isa = PBXFileReference; lastKnownFileType = sourcecode.swift; path = WebViewViewControllerSpy.swift; sourceTree = "<group>"; };
		E9CC247C29D606D700732F9C /* ImageFeedUITests.xctest */ = {isa = PBXFileReference; explicitFileType = wrapper.cfbundle; includeInIndex = 0; path = ImageFeedUITests.xctest; sourceTree = BUILT_PRODUCTS_DIR; };
		E9CC247E29D606D700732F9C /* ImageFeedUITests.swift */ = {isa = PBXFileReference; lastKnownFileType = sourcecode.swift; path = ImageFeedUITests.swift; sourceTree = "<group>"; };
		E9CC248029D606D700732F9C /* ImageFeedUITestsLaunchTests.swift */ = {isa = PBXFileReference; lastKnownFileType = sourcecode.swift; path = ImageFeedUITestsLaunchTests.swift; sourceTree = "<group>"; };
		E9CF3410295CCBED00AB8F20 /* YandexSansDisplay-Regular.ttf */ = {isa = PBXFileReference; lastKnownFileType = file; path = "YandexSansDisplay-Regular.ttf"; sourceTree = "<group>"; };
		E9DDB7F729CE1F43006D4AE4 /* DateFormatterService.swift */ = {isa = PBXFileReference; lastKnownFileType = sourcecode.swift; path = DateFormatterService.swift; sourceTree = "<group>"; };
		E9EBFE5C299E211D0061A781 /* Profile.swift */ = {isa = PBXFileReference; lastKnownFileType = sourcecode.swift; path = Profile.swift; sourceTree = "<group>"; };
		E9F7DB0F29D861F50034AB83 /* ProfilePresenter.swift */ = {isa = PBXFileReference; lastKnownFileType = sourcecode.swift; path = ProfilePresenter.swift; sourceTree = "<group>"; };
		E9F7DB1129D86C2E0034AB83 /* ImagesListPresenter.swift */ = {isa = PBXFileReference; lastKnownFileType = sourcecode.swift; path = ImagesListPresenter.swift; sourceTree = "<group>"; };
		E9FDF2D32955267C00BEFDAE /* ImagesListCell.swift */ = {isa = PBXFileReference; lastKnownFileType = sourcecode.swift; path = ImagesListCell.swift; sourceTree = "<group>"; };
/* End PBXFileReference section */

/* Begin PBXFrameworksBuildPhase section */
		E9954541294F4E9A00072B64 /* Frameworks */ = {
			isa = PBXFrameworksBuildPhase;
			buildActionMask = 2147483647;
			files = (
				E917EFA429B7BD46002506F5 /* ProgressHUD in Frameworks */,
				E917EFA129B7BD31002506F5 /* SwiftKeychainWrapper in Frameworks */,
				E917EF9E29B7BD1C002506F5 /* Kingfisher in Frameworks */,
			);
			runOnlyForDeploymentPostprocessing = 0;
		};
		E9C6794B29BA256500ED3296 /* Frameworks */ = {
			isa = PBXFrameworksBuildPhase;
			buildActionMask = 2147483647;
			files = (
			);
			runOnlyForDeploymentPostprocessing = 0;
		};
		E9CC246829D6025A00732F9C /* Frameworks */ = {
			isa = PBXFrameworksBuildPhase;
			buildActionMask = 2147483647;
			files = (
			);
			runOnlyForDeploymentPostprocessing = 0;
		};
		E9CC247929D606D700732F9C /* Frameworks */ = {
			isa = PBXFrameworksBuildPhase;
			buildActionMask = 2147483647;
			files = (
			);
			runOnlyForDeploymentPostprocessing = 0;
		};
/* End PBXFrameworksBuildPhase section */

/* Begin PBXGroup section */
		E92125602989C82700CF4A4E /* Auth */ = {
			isa = PBXGroup;
			children = (
				E921255E2989C80F00CF4A4E /* AuthViewController.swift */,
				E92125612989CB1F00CF4A4E /* WebViewViewController.swift */,
				E98C4C56298E016200671FF6 /* OAuthTokenResponseBody.swift */,
				E98C4C58298E030800671FF6 /* OAuth2Service.swift */,
				E98C4C5B298EB95900671FF6 /* OAuthRequestBody.swift */,
				E98C4C5D298F38B800671FF6 /* OAuth2TokenStorage.swift */,
				E9CC246329D578DA00732F9C /* WebViewPresenter.swift */,
				E921255C29858DA800CF4A4E /* AuthConfiguration.swift */,
				E9CC246529D5F8BC00732F9C /* AuthHelper.swift */,
			);
			path = Auth;
			sourceTree = "<group>";
		};
		E9350FCC295F568C009E26FC /* Resources */ = {
			isa = PBXGroup;
			children = (
				E9350FCD295F56FC009E26FC /* Fonts */,
				E9954550294F4E9C00072B64 /* Assets.xcassets */,
				E9954552294F4E9C00072B64 /* LaunchScreen.storyboard */,
			);
			path = Resources;
			sourceTree = "<group>";
		};
		E9350FCD295F56FC009E26FC /* Fonts */ = {
			isa = PBXGroup;
			children = (
				E9CF3410295CCBED00AB8F20 /* YandexSansDisplay-Regular.ttf */,
				E94206D6295F44BD0081674F /* SFProDisplay-Bold.ttf */,
			);
			path = Fonts;
			sourceTree = "<group>";
		};
		E9350FCE295F5CF3009E26FC /* Profile */ = {
			isa = PBXGroup;
			children = (
				E996FCC5295E2EC500CA54F9 /* ProfileViewController.swift */,
				E92681C0299D116100EC103E /* ProfileService.swift */,
				E92681C2299D11A200EC103E /* ProfileResult.swift */,
				E9EBFE5C299E211D0061A781 /* Profile.swift */,
				E951106929AA102E008F3B5A /* ProfileImageService.swift */,
				E951106B29AA10AD008F3B5A /* UserResult.swift */,
				E9F7DB0F29D861F50034AB83 /* ProfilePresenter.swift */,
			);
			path = Profile;
			sourceTree = "<group>";
		};
		E9350FCF295F5D1E009E26FC /* SingleImageView */ = {
			isa = PBXGroup;
			children = (
				E9350FCA295F566F009E26FC /* SingleImageViewController.swift */,
			);
			path = SingleImageView;
			sourceTree = "<group>";
		};
		E98E7F0C2991D73400107D3F /* SplashScreenView */ = {
			isa = PBXGroup;
			children = (
				E98E7F0F2991D79200107D3F /* SplashViewController.swift */,
			);
			path = SplashScreenView;
			sourceTree = "<group>";
		};
		E995453B294F4E9A00072B64 = {
			isa = PBXGroup;
			children = (
				E9954546294F4E9A00072B64 /* ImageFeed */,
				E995454D294F4E9A00072B64 /* Main.storyboard */,
				E92D7BF029B7B8F40048183F /* Info.plist */,
				E9350FCC295F568C009E26FC /* Resources */,
				E9CC246C29D6025A00732F9C /* ImageFeedTests */,
				E9CC247D29D606D700732F9C /* ImageFeedUITests */,
				E9954545294F4E9A00072B64 /* Products */,
			);
			sourceTree = "<group>";
		};
		E9954545294F4E9A00072B64 /* Products */ = {
			isa = PBXGroup;
			children = (
				E9954544294F4E9A00072B64 /* ImageFeed.app */,
				E9C6794E29BA256500ED3296 /* Image FeedTests.xctest */,
				E9CC246B29D6025A00732F9C /* ImageFeedTests.xctest */,
				E9CC247C29D606D700732F9C /* ImageFeedUITests.xctest */,
			);
			name = Products;
			sourceTree = "<group>";
		};
		E9954546294F4E9A00072B64 /* ImageFeed */ = {
			isa = PBXGroup;
			children = (
				E9954547294F4E9A00072B64 /* AppDelegate.swift */,
				E9954549294F4E9A00072B64 /* SceneDelegate.swift */,
				E9FDF2D5295526B400BEFDAE /* ImagesList */,
				E9350FCE295F5CF3009E26FC /* Profile */,
				E9350FCF295F5D1E009E26FC /* SingleImageView */,
				E98E7F0C2991D73400107D3F /* SplashScreenView */,
				E92125602989C82700CF4A4E /* Auth */,
				E9B01202299CE7AB006354C1 /* UIBlockingProgressHUD.swift */,
				E951106D29AE6C72008F3B5A /* URLSessionExtension.swift */,
				E9A9714029B121EE00DFE9BF /* TabBarViewController.swift */,
			);
			path = ImageFeed;
			sourceTree = "<group>";
		};
		E9CC246C29D6025A00732F9C /* ImageFeedTests */ = {
			isa = PBXGroup;
			children = (
				E9CC246D29D6025A00732F9C /* ImageFeedTests.swift */,
				E9CC247429D603AA00732F9C /* WebViewPresenterSpy.swift */,
				E9CC247629D6047500732F9C /* WebViewViewControllerSpy.swift */,
			);
			path = ImageFeedTests;
			sourceTree = "<group>";
		};
		E9CC247D29D606D700732F9C /* ImageFeedUITests */ = {
			isa = PBXGroup;
			children = (
				E9CC247E29D606D700732F9C /* ImageFeedUITests.swift */,
				E9CC248029D606D700732F9C /* ImageFeedUITestsLaunchTests.swift */,
			);
			path = ImageFeedUITests;
			sourceTree = "<group>";
		};
		E9FDF2D5295526B400BEFDAE /* ImagesList */ = {
			isa = PBXGroup;
			children = (
				E995454B294F4E9A00072B64 /* ImagesListViewController.swift */,
				E9FDF2D32955267C00BEFDAE /* ImagesListCell.swift */,
				E9A340E329B88A7A0084167E /* ImagesListService.swift */,
				E9A340E529B89F4C0084167E /* Photo.swift */,
				E9A340E729B8A7320084167E /* PhotoResult.swift */,
				E946DDF829CF6493008DEAA1 /* ImageFeedError.swift */,
				E9DDB7F729CE1F43006D4AE4 /* DateFormatterService.swift */,
				E9F7DB1129D86C2E0034AB83 /* ImagesListPresenter.swift */,
			);
			path = ImagesList;
			sourceTree = "<group>";
		};
/* End PBXGroup section */

/* Begin PBXNativeTarget section */
		E9954543294F4E9A00072B64 /* ImageFeed */ = {
			isa = PBXNativeTarget;
			buildConfigurationList = E9954558294F4E9C00072B64 /* Build configuration list for PBXNativeTarget "ImageFeed" */;
			buildPhases = (
				E9954540294F4E9A00072B64 /* Sources */,
				E9954541294F4E9A00072B64 /* Frameworks */,
				E9954542294F4E9A00072B64 /* Resources */,
			);
			buildRules = (
			);
			dependencies = (
			);
			name = ImageFeed;
			packageProductDependencies = (
				E917EF9D29B7BD1C002506F5 /* Kingfisher */,
				E917EFA029B7BD31002506F5 /* SwiftKeychainWrapper */,
				E917EFA329B7BD46002506F5 /* ProgressHUD */,
			);
			productName = ImageFeed;
			productReference = E9954544294F4E9A00072B64 /* ImageFeed.app */;
			productType = "com.apple.product-type.application";
		};
		E9C6794D29BA256500ED3296 /* Image FeedTests */ = {
			isa = PBXNativeTarget;
			buildConfigurationList = E9C6795629BA256500ED3296 /* Build configuration list for PBXNativeTarget "Image FeedTests" */;
			buildPhases = (
				E9C6794A29BA256500ED3296 /* Sources */,
				E9C6794B29BA256500ED3296 /* Frameworks */,
				E9C6794C29BA256500ED3296 /* Resources */,
			);
			buildRules = (
			);
			dependencies = (
				E9C6795329BA256500ED3296 /* PBXTargetDependency */,
			);
			name = "Image FeedTests";
			productName = "Image FeedTests";
			productReference = E9C6794E29BA256500ED3296 /* Image FeedTests.xctest */;
			productType = "com.apple.product-type.bundle.unit-test";
		};
		E9CC246A29D6025A00732F9C /* ImageFeedTests */ = {
			isa = PBXNativeTarget;
			buildConfigurationList = E9CC247129D6025A00732F9C /* Build configuration list for PBXNativeTarget "ImageFeedTests" */;
			buildPhases = (
				E9CC246729D6025A00732F9C /* Sources */,
				E9CC246829D6025A00732F9C /* Frameworks */,
				E9CC246929D6025A00732F9C /* Resources */,
			);
			buildRules = (
			);
			dependencies = (
				E9CC247029D6025A00732F9C /* PBXTargetDependency */,
			);
			name = ImageFeedTests;
			productName = ImageFeedTests;
			productReference = E9CC246B29D6025A00732F9C /* ImageFeedTests.xctest */;
			productType = "com.apple.product-type.bundle.unit-test";
		};
		E9CC247B29D606D700732F9C /* ImageFeedUITests */ = {
			isa = PBXNativeTarget;
			buildConfigurationList = E9CC248429D606D700732F9C /* Build configuration list for PBXNativeTarget "ImageFeedUITests" */;
			buildPhases = (
				E9CC247829D606D700732F9C /* Sources */,
				E9CC247929D606D700732F9C /* Frameworks */,
				E9CC247A29D606D700732F9C /* Resources */,
			);
			buildRules = (
			);
			dependencies = (
				E9CC248329D606D700732F9C /* PBXTargetDependency */,
			);
			name = ImageFeedUITests;
			productName = ImageFeedUITests;
			productReference = E9CC247C29D606D700732F9C /* ImageFeedUITests.xctest */;
			productType = "com.apple.product-type.bundle.ui-testing";
		};
/* End PBXNativeTarget section */

/* Begin PBXProject section */
		E995453C294F4E9A00072B64 /* Project object */ = {
			isa = PBXProject;
			attributes = {
				BuildIndependentTargetsInParallel = 1;
				LastSwiftUpdateCheck = 1420;
				LastUpgradeCheck = 1340;
				TargetAttributes = {
					E9954543294F4E9A00072B64 = {
						CreatedOnToolsVersion = 13.4.1;
					};
					E9C6794D29BA256500ED3296 = {
						CreatedOnToolsVersion = 14.2;
						TestTargetID = E9954543294F4E9A00072B64;
					};
					E9CC246A29D6025A00732F9C = {
						CreatedOnToolsVersion = 14.2;
						TestTargetID = E9954543294F4E9A00072B64;
					};
					E9CC247B29D606D700732F9C = {
						CreatedOnToolsVersion = 14.2;
						TestTargetID = E9954543294F4E9A00072B64;
					};
				};
			};
			buildConfigurationList = E995453F294F4E9A00072B64 /* Build configuration list for PBXProject "ImageFeed" */;
			compatibilityVersion = "Xcode 13.0";
			developmentRegion = en;
			hasScannedForEncodings = 0;
			knownRegions = (
				en,
				Base,
			);
			mainGroup = E995453B294F4E9A00072B64;
			packageReferences = (
				E917EF9C29B7BD1C002506F5 /* XCRemoteSwiftPackageReference "Kingfisher" */,
				E917EF9F29B7BD31002506F5 /* XCRemoteSwiftPackageReference "SwiftKeychainWrapper" */,
				E917EFA229B7BD46002506F5 /* XCRemoteSwiftPackageReference "ProgressHUD" */,
			);
			productRefGroup = E9954545294F4E9A00072B64 /* Products */;
			projectDirPath = "";
			projectRoot = "";
			targets = (
				E9954543294F4E9A00072B64 /* ImageFeed */,
				E9C6794D29BA256500ED3296 /* Image FeedTests */,
				E9CC246A29D6025A00732F9C /* ImageFeedTests */,
				E9CC247B29D606D700732F9C /* ImageFeedUITests */,
			);
		};
/* End PBXProject section */

/* Begin PBXResourcesBuildPhase section */
		E9954542294F4E9A00072B64 /* Resources */ = {
			isa = PBXResourcesBuildPhase;
			buildActionMask = 2147483647;
			files = (
				E9CF3411295CCBEE00AB8F20 /* YandexSansDisplay-Regular.ttf in Resources */,
				E9954554294F4E9C00072B64 /* LaunchScreen.storyboard in Resources */,
				E94206D7295F44BD0081674F /* SFProDisplay-Bold.ttf in Resources */,
				E9954551294F4E9C00072B64 /* Assets.xcassets in Resources */,
				E995454F294F4E9A00072B64 /* Main.storyboard in Resources */,
			);
			runOnlyForDeploymentPostprocessing = 0;
		};
		E9C6794C29BA256500ED3296 /* Resources */ = {
			isa = PBXResourcesBuildPhase;
			buildActionMask = 2147483647;
			files = (
			);
			runOnlyForDeploymentPostprocessing = 0;
		};
		E9CC246929D6025A00732F9C /* Resources */ = {
			isa = PBXResourcesBuildPhase;
			buildActionMask = 2147483647;
			files = (
			);
			runOnlyForDeploymentPostprocessing = 0;
		};
		E9CC247A29D606D700732F9C /* Resources */ = {
			isa = PBXResourcesBuildPhase;
			buildActionMask = 2147483647;
			files = (
			);
			runOnlyForDeploymentPostprocessing = 0;
		};
/* End PBXResourcesBuildPhase section */

/* Begin PBXSourcesBuildPhase section */
		E9954540294F4E9A00072B64 /* Sources */ = {
			isa = PBXSourcesBuildPhase;
			buildActionMask = 2147483647;
			files = (
				E9A340E629B89F4C0084167E /* Photo.swift in Sources */,
				E995454C294F4E9A00072B64 /* ImagesListViewController.swift in Sources */,
				E9CC246429D578DA00732F9C /* WebViewPresenter.swift in Sources */,
				E9A340E429B88A7A0084167E /* ImagesListService.swift in Sources */,
				E92681C1299D116100EC103E /* ProfileService.swift in Sources */,
				E9A9714129B121EE00DFE9BF /* TabBarViewController.swift in Sources */,
				E98C4C5C298EB95900671FF6 /* OAuthRequestBody.swift in Sources */,
				E98E7F102991D79200107D3F /* SplashViewController.swift in Sources */,
				E9F7DB1029D861F60034AB83 /* ProfilePresenter.swift in Sources */,
				E946DDF929CF6493008DEAA1 /* ImageFeedError.swift in Sources */,
				E9FDF2D42955267C00BEFDAE /* ImagesListCell.swift in Sources */,
				E9DDB7F829CE1F43006D4AE4 /* DateFormatterService.swift in Sources */,
				E996FCC6295E2EC500CA54F9 /* ProfileViewController.swift in Sources */,
				E9954548294F4E9A00072B64 /* AppDelegate.swift in Sources */,
				E98C4C59298E030800671FF6 /* OAuth2Service.swift in Sources */,
				E9CC246629D5F8BC00732F9C /* AuthHelper.swift in Sources */,
				E9A340E829B8A7320084167E /* PhotoResult.swift in Sources */,
				E951106E29AE6C72008F3B5A /* URLSessionExtension.swift in Sources */,
				E98C4C57298E016200671FF6 /* OAuthTokenResponseBody.swift in Sources */,
				E9B01203299CE7AB006354C1 /* UIBlockingProgressHUD.swift in Sources */,
				E921255F2989C80F00CF4A4E /* AuthViewController.swift in Sources */,
				E951106A29AA102E008F3B5A /* ProfileImageService.swift in Sources */,
				E921255D29858DA800CF4A4E /* AuthConfiguration.swift in Sources */,
				E951106C29AA10AD008F3B5A /* UserResult.swift in Sources */,
				E9350FCB295F566F009E26FC /* SingleImageViewController.swift in Sources */,
				E92125622989CB1F00CF4A4E /* WebViewViewController.swift in Sources */,
				E98C4C5E298F38B800671FF6 /* OAuth2TokenStorage.swift in Sources */,
				E9EBFE5D299E211D0061A781 /* Profile.swift in Sources */,
				E92681C3299D11A200EC103E /* ProfileResult.swift in Sources */,
				E995454A294F4E9A00072B64 /* SceneDelegate.swift in Sources */,
				E9F7DB1229D86C2E0034AB83 /* ImagesListPresenter.swift in Sources */,
			);
			runOnlyForDeploymentPostprocessing = 0;
		};
		E9C6794A29BA256500ED3296 /* Sources */ = {
			isa = PBXSourcesBuildPhase;
			buildActionMask = 2147483647;
			files = (
			);
			runOnlyForDeploymentPostprocessing = 0;
		};
		E9CC246729D6025A00732F9C /* Sources */ = {
			isa = PBXSourcesBuildPhase;
			buildActionMask = 2147483647;
			files = (
				E9CC246E29D6025A00732F9C /* ImageFeedTests.swift in Sources */,
				E9CC247729D6047500732F9C /* WebViewViewControllerSpy.swift in Sources */,
				E9CC247529D603AA00732F9C /* WebViewPresenterSpy.swift in Sources */,
			);
			runOnlyForDeploymentPostprocessing = 0;
		};
		E9CC247829D606D700732F9C /* Sources */ = {
			isa = PBXSourcesBuildPhase;
			buildActionMask = 2147483647;
			files = (
				E9CC248129D606D700732F9C /* ImageFeedUITestsLaunchTests.swift in Sources */,
				E9CC247F29D606D700732F9C /* ImageFeedUITests.swift in Sources */,
			);
			runOnlyForDeploymentPostprocessing = 0;
		};
/* End PBXSourcesBuildPhase section */

/* Begin PBXTargetDependency section */
		E9C6795329BA256500ED3296 /* PBXTargetDependency */ = {
			isa = PBXTargetDependency;
			target = E9954543294F4E9A00072B64 /* ImageFeed */;
			targetProxy = E9C6795229BA256500ED3296 /* PBXContainerItemProxy */;
		};
		E9CC247029D6025A00732F9C /* PBXTargetDependency */ = {
			isa = PBXTargetDependency;
			target = E9954543294F4E9A00072B64 /* ImageFeed */;
			targetProxy = E9CC246F29D6025A00732F9C /* PBXContainerItemProxy */;
		};
		E9CC248329D606D700732F9C /* PBXTargetDependency */ = {
			isa = PBXTargetDependency;
			target = E9954543294F4E9A00072B64 /* ImageFeed */;
			targetProxy = E9CC248229D606D700732F9C /* PBXContainerItemProxy */;
		};
/* End PBXTargetDependency section */

/* Begin PBXVariantGroup section */
		E995454D294F4E9A00072B64 /* Main.storyboard */ = {
			isa = PBXVariantGroup;
			children = (
				E995454E294F4E9A00072B64 /* Base */,
			);
			name = Main.storyboard;
			sourceTree = "<group>";
		};
		E9954552294F4E9C00072B64 /* LaunchScreen.storyboard */ = {
			isa = PBXVariantGroup;
			children = (
				E9954553294F4E9C00072B64 /* Base */,
			);
			name = LaunchScreen.storyboard;
			sourceTree = "<group>";
		};
/* End PBXVariantGroup section */

/* Begin XCBuildConfiguration section */
		E9954556294F4E9C00072B64 /* Debug */ = {
			isa = XCBuildConfiguration;
			buildSettings = {
				ALWAYS_SEARCH_USER_PATHS = NO;
				CLANG_ANALYZER_NONNULL = YES;
				CLANG_ANALYZER_NUMBER_OBJECT_CONVERSION = YES_AGGRESSIVE;
				CLANG_CXX_LANGUAGE_STANDARD = "gnu++17";
				CLANG_ENABLE_MODULES = YES;
				CLANG_ENABLE_OBJC_ARC = YES;
				CLANG_ENABLE_OBJC_WEAK = YES;
				CLANG_WARN_BLOCK_CAPTURE_AUTORELEASING = YES;
				CLANG_WARN_BOOL_CONVERSION = YES;
				CLANG_WARN_COMMA = YES;
				CLANG_WARN_CONSTANT_CONVERSION = YES;
				CLANG_WARN_DEPRECATED_OBJC_IMPLEMENTATIONS = YES;
				CLANG_WARN_DIRECT_OBJC_ISA_USAGE = YES_ERROR;
				CLANG_WARN_DOCUMENTATION_COMMENTS = YES;
				CLANG_WARN_EMPTY_BODY = YES;
				CLANG_WARN_ENUM_CONVERSION = YES;
				CLANG_WARN_INFINITE_RECURSION = YES;
				CLANG_WARN_INT_CONVERSION = YES;
				CLANG_WARN_NON_LITERAL_NULL_CONVERSION = YES;
				CLANG_WARN_OBJC_IMPLICIT_RETAIN_SELF = YES;
				CLANG_WARN_OBJC_LITERAL_CONVERSION = YES;
				CLANG_WARN_OBJC_ROOT_CLASS = YES_ERROR;
				CLANG_WARN_QUOTED_INCLUDE_IN_FRAMEWORK_HEADER = YES;
				CLANG_WARN_RANGE_LOOP_ANALYSIS = YES;
				CLANG_WARN_STRICT_PROTOTYPES = YES;
				CLANG_WARN_SUSPICIOUS_MOVE = YES;
				CLANG_WARN_UNGUARDED_AVAILABILITY = YES_AGGRESSIVE;
				CLANG_WARN_UNREACHABLE_CODE = YES;
				CLANG_WARN__DUPLICATE_METHOD_MATCH = YES;
				COPY_PHASE_STRIP = NO;
				DEBUG_INFORMATION_FORMAT = dwarf;
				ENABLE_STRICT_OBJC_MSGSEND = YES;
				ENABLE_TESTABILITY = YES;
				GCC_C_LANGUAGE_STANDARD = gnu11;
				GCC_DYNAMIC_NO_PIC = NO;
				GCC_NO_COMMON_BLOCKS = YES;
				GCC_OPTIMIZATION_LEVEL = 0;
				GCC_PREPROCESSOR_DEFINITIONS = (
					"DEBUG=1",
					"$(inherited)",
				);
				GCC_WARN_64_TO_32_BIT_CONVERSION = YES;
				GCC_WARN_ABOUT_RETURN_TYPE = YES_ERROR;
				GCC_WARN_UNDECLARED_SELECTOR = YES;
				GCC_WARN_UNINITIALIZED_AUTOS = YES_AGGRESSIVE;
				GCC_WARN_UNUSED_FUNCTION = YES;
				GCC_WARN_UNUSED_VARIABLE = YES;
				IPHONEOS_DEPLOYMENT_TARGET = 15.5;
				MTL_ENABLE_DEBUG_INFO = INCLUDE_SOURCE;
				MTL_FAST_MATH = YES;
				ONLY_ACTIVE_ARCH = YES;
				SDKROOT = iphoneos;
				SWIFT_ACTIVE_COMPILATION_CONDITIONS = DEBUG;
				SWIFT_OPTIMIZATION_LEVEL = "-Onone";
			};
			name = Debug;
		};
		E9954557294F4E9C00072B64 /* Release */ = {
			isa = XCBuildConfiguration;
			buildSettings = {
				ALWAYS_SEARCH_USER_PATHS = NO;
				CLANG_ANALYZER_NONNULL = YES;
				CLANG_ANALYZER_NUMBER_OBJECT_CONVERSION = YES_AGGRESSIVE;
				CLANG_CXX_LANGUAGE_STANDARD = "gnu++17";
				CLANG_ENABLE_MODULES = YES;
				CLANG_ENABLE_OBJC_ARC = YES;
				CLANG_ENABLE_OBJC_WEAK = YES;
				CLANG_WARN_BLOCK_CAPTURE_AUTORELEASING = YES;
				CLANG_WARN_BOOL_CONVERSION = YES;
				CLANG_WARN_COMMA = YES;
				CLANG_WARN_CONSTANT_CONVERSION = YES;
				CLANG_WARN_DEPRECATED_OBJC_IMPLEMENTATIONS = YES;
				CLANG_WARN_DIRECT_OBJC_ISA_USAGE = YES_ERROR;
				CLANG_WARN_DOCUMENTATION_COMMENTS = YES;
				CLANG_WARN_EMPTY_BODY = YES;
				CLANG_WARN_ENUM_CONVERSION = YES;
				CLANG_WARN_INFINITE_RECURSION = YES;
				CLANG_WARN_INT_CONVERSION = YES;
				CLANG_WARN_NON_LITERAL_NULL_CONVERSION = YES;
				CLANG_WARN_OBJC_IMPLICIT_RETAIN_SELF = YES;
				CLANG_WARN_OBJC_LITERAL_CONVERSION = YES;
				CLANG_WARN_OBJC_ROOT_CLASS = YES_ERROR;
				CLANG_WARN_QUOTED_INCLUDE_IN_FRAMEWORK_HEADER = YES;
				CLANG_WARN_RANGE_LOOP_ANALYSIS = YES;
				CLANG_WARN_STRICT_PROTOTYPES = YES;
				CLANG_WARN_SUSPICIOUS_MOVE = YES;
				CLANG_WARN_UNGUARDED_AVAILABILITY = YES_AGGRESSIVE;
				CLANG_WARN_UNREACHABLE_CODE = YES;
				CLANG_WARN__DUPLICATE_METHOD_MATCH = YES;
				COPY_PHASE_STRIP = NO;
				DEBUG_INFORMATION_FORMAT = "dwarf-with-dsym";
				ENABLE_NS_ASSERTIONS = NO;
				ENABLE_STRICT_OBJC_MSGSEND = YES;
				GCC_C_LANGUAGE_STANDARD = gnu11;
				GCC_NO_COMMON_BLOCKS = YES;
				GCC_WARN_64_TO_32_BIT_CONVERSION = YES;
				GCC_WARN_ABOUT_RETURN_TYPE = YES_ERROR;
				GCC_WARN_UNDECLARED_SELECTOR = YES;
				GCC_WARN_UNINITIALIZED_AUTOS = YES_AGGRESSIVE;
				GCC_WARN_UNUSED_FUNCTION = YES;
				GCC_WARN_UNUSED_VARIABLE = YES;
				IPHONEOS_DEPLOYMENT_TARGET = 15.5;
				MTL_ENABLE_DEBUG_INFO = NO;
				MTL_FAST_MATH = YES;
				SDKROOT = iphoneos;
				SWIFT_COMPILATION_MODE = wholemodule;
				SWIFT_OPTIMIZATION_LEVEL = "-O";
				VALIDATE_PRODUCT = YES;
			};
			name = Release;
		};
		E9954559294F4E9C00072B64 /* Debug */ = {
			isa = XCBuildConfiguration;
			buildSettings = {
				ASSETCATALOG_COMPILER_APPICON_NAME = AppIcon;
				ASSETCATALOG_COMPILER_GLOBAL_ACCENT_COLOR_NAME = AccentColor;
				CODE_SIGN_STYLE = Automatic;
				CURRENT_PROJECT_VERSION = 1;
				DEVELOPMENT_TEAM = JN9Z27LG4A;
				GENERATE_INFOPLIST_FILE = YES;
				INFOPLIST_FILE = Info.plist;
				INFOPLIST_KEY_UIApplicationSupportsIndirectInputEvents = YES;
				INFOPLIST_KEY_UILaunchStoryboardName = LaunchScreen;
				INFOPLIST_KEY_UIMainStoryboardFile = Main;
				INFOPLIST_KEY_UISupportedInterfaceOrientations = UIInterfaceOrientationPortrait;
				INFOPLIST_KEY_UISupportedInterfaceOrientations_iPad = "UIInterfaceOrientationPortrait UIInterfaceOrientationPortraitUpsideDown UIInterfaceOrientationLandscapeLeft UIInterfaceOrientationLandscapeRight";
				INFOPLIST_KEY_UISupportedInterfaceOrientations_iPhone = UIInterfaceOrientationPortrait;
				IPHONEOS_DEPLOYMENT_TARGET = 13.0;
				LD_RUNPATH_SEARCH_PATHS = (
					"$(inherited)",
					"@executable_path/Frameworks",
				);
				MARKETING_VERSION = 1.0;
				PRODUCT_BUNDLE_IDENTIFIER = ru.yandex.practicum.ImageFeed.Tikhtei;
				PRODUCT_NAME = "$(TARGET_NAME)";
				SWIFT_EMIT_LOC_STRINGS = YES;
				SWIFT_VERSION = 5.0;
				TARGETED_DEVICE_FAMILY = 1;
			};
			name = Debug;
		};
		E995455A294F4E9C00072B64 /* Release */ = {
			isa = XCBuildConfiguration;
			buildSettings = {
				ASSETCATALOG_COMPILER_APPICON_NAME = AppIcon;
				ASSETCATALOG_COMPILER_GLOBAL_ACCENT_COLOR_NAME = AccentColor;
				CODE_SIGN_STYLE = Automatic;
				CURRENT_PROJECT_VERSION = 1;
				DEVELOPMENT_TEAM = JN9Z27LG4A;
				GENERATE_INFOPLIST_FILE = YES;
				INFOPLIST_FILE = Info.plist;
				INFOPLIST_KEY_UIApplicationSupportsIndirectInputEvents = YES;
				INFOPLIST_KEY_UILaunchStoryboardName = LaunchScreen;
				INFOPLIST_KEY_UIMainStoryboardFile = Main;
				INFOPLIST_KEY_UISupportedInterfaceOrientations = UIInterfaceOrientationPortrait;
				INFOPLIST_KEY_UISupportedInterfaceOrientations_iPad = "UIInterfaceOrientationPortrait UIInterfaceOrientationPortraitUpsideDown UIInterfaceOrientationLandscapeLeft UIInterfaceOrientationLandscapeRight";
				INFOPLIST_KEY_UISupportedInterfaceOrientations_iPhone = UIInterfaceOrientationPortrait;
				IPHONEOS_DEPLOYMENT_TARGET = 13.0;
				LD_RUNPATH_SEARCH_PATHS = (
					"$(inherited)",
					"@executable_path/Frameworks",
				);
				MARKETING_VERSION = 1.0;
				PRODUCT_BUNDLE_IDENTIFIER = ru.yandex.practicum.ImageFeed.Tikhtei;
				PRODUCT_NAME = "$(TARGET_NAME)";
				SWIFT_EMIT_LOC_STRINGS = YES;
				SWIFT_VERSION = 5.0;
				TARGETED_DEVICE_FAMILY = 1;
			};
			name = Release;
		};
		E9C6795429BA256500ED3296 /* Debug */ = {
			isa = XCBuildConfiguration;
			buildSettings = {
				BUNDLE_LOADER = "$(TEST_HOST)";
				CLANG_CXX_LANGUAGE_STANDARD = "gnu++20";
				CODE_SIGN_STYLE = Automatic;
				CURRENT_PROJECT_VERSION = 1;
				DEVELOPMENT_TEAM = JN9Z27LG4A;
				GENERATE_INFOPLIST_FILE = YES;
				IPHONEOS_DEPLOYMENT_TARGET = 16.2;
				MARKETING_VERSION = 1.0;
				PRODUCT_BUNDLE_IDENTIFIER = "ru.yandex.practicum.Image-FeedTests";
				PRODUCT_NAME = "$(TARGET_NAME)";
				SWIFT_EMIT_LOC_STRINGS = NO;
				SWIFT_VERSION = 5.0;
				TARGETED_DEVICE_FAMILY = "1,2";
				TEST_HOST = "$(BUILT_PRODUCTS_DIR)/ImageFeed.app/$(BUNDLE_EXECUTABLE_FOLDER_PATH)/ImageFeed";
			};
			name = Debug;
		};
		E9C6795529BA256500ED3296 /* Release */ = {
			isa = XCBuildConfiguration;
			buildSettings = {
				BUNDLE_LOADER = "$(TEST_HOST)";
				CLANG_CXX_LANGUAGE_STANDARD = "gnu++20";
				CODE_SIGN_STYLE = Automatic;
				CURRENT_PROJECT_VERSION = 1;
				DEVELOPMENT_TEAM = JN9Z27LG4A;
				GENERATE_INFOPLIST_FILE = YES;
				IPHONEOS_DEPLOYMENT_TARGET = 16.2;
				MARKETING_VERSION = 1.0;
				PRODUCT_BUNDLE_IDENTIFIER = "ru.yandex.practicum.Image-FeedTests";
				PRODUCT_NAME = "$(TARGET_NAME)";
				SWIFT_EMIT_LOC_STRINGS = NO;
				SWIFT_VERSION = 5.0;
				TARGETED_DEVICE_FAMILY = "1,2";
				TEST_HOST = "$(BUILT_PRODUCTS_DIR)/ImageFeed.app/$(BUNDLE_EXECUTABLE_FOLDER_PATH)/ImageFeed";
			};
			name = Release;
		};
		E9CC247229D6025A00732F9C /* Debug */ = {
			isa = XCBuildConfiguration;
			buildSettings = {
				BUNDLE_LOADER = "$(TEST_HOST)";
				CLANG_CXX_LANGUAGE_STANDARD = "gnu++20";
				CODE_SIGN_STYLE = Automatic;
				CURRENT_PROJECT_VERSION = 1;
				DEVELOPMENT_TEAM = JN9Z27LG4A;
				GENERATE_INFOPLIST_FILE = YES;
				IPHONEOS_DEPLOYMENT_TARGET = 16.2;
				MARKETING_VERSION = 1.0;
				PRODUCT_BUNDLE_IDENTIFIER = ru.yandex.practicum.ImageFeedTests;
				PRODUCT_NAME = "$(TARGET_NAME)";
				SWIFT_EMIT_LOC_STRINGS = NO;
				SWIFT_VERSION = 5.0;
				TARGETED_DEVICE_FAMILY = "1,2";
				TEST_HOST = "$(BUILT_PRODUCTS_DIR)/ImageFeed.app/$(BUNDLE_EXECUTABLE_FOLDER_PATH)/ImageFeed";
			};
			name = Debug;
		};
		E9CC247329D6025A00732F9C /* Release */ = {
			isa = XCBuildConfiguration;
			buildSettings = {
				BUNDLE_LOADER = "$(TEST_HOST)";
				CLANG_CXX_LANGUAGE_STANDARD = "gnu++20";
				CODE_SIGN_STYLE = Automatic;
				CURRENT_PROJECT_VERSION = 1;
				DEVELOPMENT_TEAM = JN9Z27LG4A;
				GENERATE_INFOPLIST_FILE = YES;
				IPHONEOS_DEPLOYMENT_TARGET = 16.2;
				MARKETING_VERSION = 1.0;
				PRODUCT_BUNDLE_IDENTIFIER = ru.yandex.practicum.ImageFeedTests;
				PRODUCT_NAME = "$(TARGET_NAME)";
				SWIFT_EMIT_LOC_STRINGS = NO;
				SWIFT_VERSION = 5.0;
				TARGETED_DEVICE_FAMILY = "1,2";
				TEST_HOST = "$(BUILT_PRODUCTS_DIR)/ImageFeed.app/$(BUNDLE_EXECUTABLE_FOLDER_PATH)/ImageFeed";
			};
			name = Release;
		};
		E9CC248529D606D700732F9C /* Debug */ = {
			isa = XCBuildConfiguration;
			buildSettings = {
				CLANG_CXX_LANGUAGE_STANDARD = "gnu++20";
				CODE_SIGN_STYLE = Automatic;
				CURRENT_PROJECT_VERSION = 1;
				DEVELOPMENT_TEAM = JN9Z27LG4A;
				GENERATE_INFOPLIST_FILE = YES;
				IPHONEOS_DEPLOYMENT_TARGET = 16.2;
				MARKETING_VERSION = 1.0;
				PRODUCT_BUNDLE_IDENTIFIER = ru.yandex.practicum.ImageFeedUITests;
				PRODUCT_NAME = "$(TARGET_NAME)";
				SWIFT_EMIT_LOC_STRINGS = NO;
				SWIFT_VERSION = 5.0;
				TARGETED_DEVICE_FAMILY = "1,2";
				TEST_TARGET_NAME = ImageFeed;
			};
			name = Debug;
		};
		E9CC248629D606D700732F9C /* Release */ = {
			isa = XCBuildConfiguration;
			buildSettings = {
				CLANG_CXX_LANGUAGE_STANDARD = "gnu++20";
				CODE_SIGN_STYLE = Automatic;
				CURRENT_PROJECT_VERSION = 1;
				DEVELOPMENT_TEAM = JN9Z27LG4A;
				GENERATE_INFOPLIST_FILE = YES;
				IPHONEOS_DEPLOYMENT_TARGET = 16.2;
				MARKETING_VERSION = 1.0;
				PRODUCT_BUNDLE_IDENTIFIER = ru.yandex.practicum.ImageFeedUITests;
				PRODUCT_NAME = "$(TARGET_NAME)";
				SWIFT_EMIT_LOC_STRINGS = NO;
				SWIFT_VERSION = 5.0;
				TARGETED_DEVICE_FAMILY = "1,2";
				TEST_TARGET_NAME = ImageFeed;
			};
			name = Release;
		};
/* End XCBuildConfiguration section */

/* Begin XCConfigurationList section */
		E995453F294F4E9A00072B64 /* Build configuration list for PBXProject "ImageFeed" */ = {
			isa = XCConfigurationList;
			buildConfigurations = (
				E9954556294F4E9C00072B64 /* Debug */,
				E9954557294F4E9C00072B64 /* Release */,
			);
			defaultConfigurationIsVisible = 0;
			defaultConfigurationName = Release;
		};
		E9954558294F4E9C00072B64 /* Build configuration list for PBXNativeTarget "ImageFeed" */ = {
			isa = XCConfigurationList;
			buildConfigurations = (
				E9954559294F4E9C00072B64 /* Debug */,
				E995455A294F4E9C00072B64 /* Release */,
			);
			defaultConfigurationIsVisible = 0;
			defaultConfigurationName = Release;
		};
		E9C6795629BA256500ED3296 /* Build configuration list for PBXNativeTarget "Image FeedTests" */ = {
			isa = XCConfigurationList;
			buildConfigurations = (
				E9C6795429BA256500ED3296 /* Debug */,
				E9C6795529BA256500ED3296 /* Release */,
			);
			defaultConfigurationIsVisible = 0;
			defaultConfigurationName = Release;
		};
		E9CC247129D6025A00732F9C /* Build configuration list for PBXNativeTarget "ImageFeedTests" */ = {
			isa = XCConfigurationList;
			buildConfigurations = (
				E9CC247229D6025A00732F9C /* Debug */,
				E9CC247329D6025A00732F9C /* Release */,
			);
			defaultConfigurationIsVisible = 0;
			defaultConfigurationName = Release;
		};
		E9CC248429D606D700732F9C /* Build configuration list for PBXNativeTarget "ImageFeedUITests" */ = {
			isa = XCConfigurationList;
			buildConfigurations = (
				E9CC248529D606D700732F9C /* Debug */,
				E9CC248629D606D700732F9C /* Release */,
			);
			defaultConfigurationIsVisible = 0;
			defaultConfigurationName = Release;
		};
/* End XCConfigurationList section */

/* Begin XCRemoteSwiftPackageReference section */
		E917EF9C29B7BD1C002506F5 /* XCRemoteSwiftPackageReference "Kingfisher" */ = {
			isa = XCRemoteSwiftPackageReference;
			repositoryURL = "https://github.com/onevcat/Kingfisher";
			requirement = {
				kind = upToNextMajorVersion;
				minimumVersion = 7.0.0;
			};
		};
		E917EF9F29B7BD31002506F5 /* XCRemoteSwiftPackageReference "SwiftKeychainWrapper" */ = {
			isa = XCRemoteSwiftPackageReference;
			repositoryURL = "https://github.com/jrendel/SwiftKeychainWrapper";
			requirement = {
				kind = upToNextMajorVersion;
				minimumVersion = 4.0.0;
			};
		};
		E917EFA229B7BD46002506F5 /* XCRemoteSwiftPackageReference "ProgressHUD" */ = {
			isa = XCRemoteSwiftPackageReference;
			repositoryURL = "https://github.com/relatedcode/ProgressHUD";
			requirement = {
				kind = upToNextMajorVersion;
				minimumVersion = 13.0.0;
			};
		};
/* End XCRemoteSwiftPackageReference section */

/* Begin XCSwiftPackageProductDependency section */
		E917EF9D29B7BD1C002506F5 /* Kingfisher */ = {
			isa = XCSwiftPackageProductDependency;
			package = E917EF9C29B7BD1C002506F5 /* XCRemoteSwiftPackageReference "Kingfisher" */;
			productName = Kingfisher;
		};
		E917EFA029B7BD31002506F5 /* SwiftKeychainWrapper */ = {
			isa = XCSwiftPackageProductDependency;
			package = E917EF9F29B7BD31002506F5 /* XCRemoteSwiftPackageReference "SwiftKeychainWrapper" */;
			productName = SwiftKeychainWrapper;
		};
		E917EFA329B7BD46002506F5 /* ProgressHUD */ = {
			isa = XCSwiftPackageProductDependency;
			package = E917EFA229B7BD46002506F5 /* XCRemoteSwiftPackageReference "ProgressHUD" */;
			productName = ProgressHUD;
		};
/* End XCSwiftPackageProductDependency section */
	};
	rootObject = E995453C294F4E9A00072B64 /* Project object */;
}
